
Microsoft Visual Studio Solution File, Format Version 12.00
# Visual Studio Version 17
VisualStudioVersion = 17.10.35013.160
MinimumVisualStudioVersion = 10.0.40219.1
Project("{FAE04EC0-301F-11D3-BF4B-00C04F79EFBC}") = "ControlConjuntoServer", "ControlConjuntoServer.csproj", "{312FF336-E684-4DCE-9A65-293F3AC5F224}"
EndProject
Global
	GlobalSection(SolutionConfigurationPlatforms) = preSolution
		Debug|Any CPU = Debug|Any CPU
		Release|Any CPU = Release|Any CPU
	EndGlobalSection
	GlobalSection(ProjectConfigurationPlatforms) = postSolution
		{312FF336-E684-4DCE-9A65-293F3AC5F224}.Debug|Any CPU.ActiveCfg = Debug|Any CPU
		{312FF336-E684-4DCE-9A65-293F3AC5F224}.Debug|Any CPU.Build.0 = Debug|Any CPU
		{312FF336-E684-4DCE-9A65-293F3AC5F224}.Release|Any CPU.ActiveCfg = Release|Any CPU
		{312FF336-E684-4DCE-9A65-293F3AC5F224}.Release|Any CPU.Build.0 = Release|Any CPU
	EndGlobalSection
	GlobalSection(SolutionProperties) = preSolution
		HideSolutionNode = FALSE
	EndGlobalSection
	GlobalSection(ExtensibilityGlobals) = postSolution
		SolutionGuid = {BA85192D-B04C-4EE5-B5B5-EF2638A49B13}
	EndGlobalSection
EndGlobal
